<?xml version="1.0" encoding="utf-8"?>
<Project ToolsVersion="4.0" xmlns="http://schemas.microsoft.com/developer/msbuild/2003">
  <ItemGroup>
    <Filter Include="Game">
      <UniqueIdentifier>{f35df93c-31bf-4fe5-8c56-70582126ca34}</UniqueIdentifier>
    </Filter>
    <Filter Include="Graphics">
      <UniqueIdentifier>{67366adf-bb55-47fe-87c1-8a3b92381615}</UniqueIdentifier>
    </Filter>
    <Filter Include="Math">
      <UniqueIdentifier>{407f4558-6586-4bc4-8b47-e4c33e7ecfdd}</UniqueIdentifier>
    </Filter>
    <Filter Include="Game\MyFolder">
      <UniqueIdentifier>{9be4b288-4e86-4d13-a0ef-35efd9b2c6b8}</UniqueIdentifier>
    </Filter>
  </ItemGroup>
  <ItemGroup>
    <ClCompile Include="Drawer.cpp">
      <Filter>Graphics</Filter>
    </ClCompile>
    <ClCompile Include="Vector2f.cpp">
      <Filter>Math</Filter>
    </ClCompile>
    <ClCompile Include="GameObject.cpp">
      <Filter>Game\MyFolder</Filter>
    </ClCompile>
    <ClCompile Include="SpriteRenderer.cpp">
      <Filter>Game\MyFolder</Filter>
    </ClCompile>
    <ClCompile Include="main.cpp" />
    <ClCompile Include="PathmapTile.cpp">
      <Filter>Game\MyFolder</Filter>
    </ClCompile>
    <ClCompile Include="MyGame.cpp">
      <Filter>Game\MyFolder</Filter>
    </ClCompile>
    <ClCompile Include="PlayerController.cpp">
      <Filter>Game\MyFolder</Filter>
    </ClCompile>
    <ClCompile Include="MapLoader.cpp">
      <Filter>Game\MyFolder</Filter>
    </ClCompile>
    <ClCompile Include="BaseComponent.cpp">
      <Filter>Game\MyFolder</Filter>
    </ClCompile>
    <ClCompile Include="Animator.cpp">
      <Filter>Game\MyFolder</Filter>
    </ClCompile>
    <ClCompile Include="PathPosition.cpp">
      <Filter>Game\MyFolder</Filter>
    </ClCompile>
    <ClCompile Include="Movement.cpp">
      <Filter>Game\MyFolder</Filter>
    </ClCompile>
    <ClCompile Include="Collision.cpp">
      <Filter>Game\MyFolder</Filter>
    </ClCompile>
    <ClCompile Include="Teleporter.cpp">
      <Filter>Game\MyFolder</Filter>
    </ClCompile>
    <ClCompile Include="TextUI.cpp">
      <Filter>Game\MyFolder</Filter>
    </ClCompile>
    <ClCompile Include="PointsUI.cpp">
      <Filter>Game\MyFolder</Filter>
    </ClCompile>
    <ClCompile Include="LivesUI.cpp">
      <Filter>Game\MyFolder</Filter>
    </ClCompile>
    <ClCompile Include="Enemy.cpp">
      <Filter>Game\MyFolder</Filter>
    </ClCompile>
    <ClCompile Include="GameManager.cpp">
      <Filter>Game\MyFolder</Filter>
    </ClCompile>
    <ClCompile Include="EnemyPathFinder.cpp">
      <Filter>Game\MyFolder</Filter>
    </ClCompile>
    <ClCompile Include="Pellet.cpp">
      <Filter>Game\MyFolder</Filter>
    </ClCompile>
    <ClCompile Include="Audio.cpp" />
  </ItemGroup>
  <ItemGroup>
    <ClInclude Include="Drawer.h">
      <Filter>Graphics</Filter>
    </ClInclude>
    <ClInclude Include="Vector2f.h">
      <Filter>Math</Filter>
    </ClInclude>
    <ClInclude Include="SpriteRenderer.h">
      <Filter>Game\MyFolder</Filter>
    </ClInclude>
    <ClInclude Include="GameObject.h">
      <Filter>Game\MyFolder</Filter>
    </ClInclude>
    <ClInclude Include="PathmapTile.h">
      <Filter>Game\MyFolder</Filter>
    </ClInclude>
    <ClInclude Include="MyGame.h">
      <Filter>Game\MyFolder</Filter>
    </ClInclude>
    <ClInclude Include="PlayerController.h">
      <Filter>Game\MyFolder</Filter>
    </ClInclude>
    <ClInclude Include="MapLoader.h">
      <Filter>Game\MyFolder</Filter>
    </ClInclude>
    <ClInclude Include="BaseComponent.h">
      <Filter>Game\MyFolder</Filter>
    </ClInclude>
    <ClInclude Include="Animator.h">
      <Filter>Game\MyFolder</Filter>
    </ClInclude>
    <ClInclude Include="PathPosition.h">
      <Filter>Game\MyFolder</Filter>
    </ClInclude>
    <ClInclude Include="Movement.h">
      <Filter>Game\MyFolder</Filter>
    </ClInclude>
    <ClInclude Include="Event.h">
      <Filter>Game\MyFolder</Filter>
    </ClInclude>
    <ClInclude Include="EventHandler.h">
      <Filter>Game\MyFolder</Filter>
    </ClInclude>
    <ClInclude Include="Collision.h">
      <Filter>Game\MyFolder</Filter>
    </ClInclude>
    <ClInclude Include="Teleporter.h">
      <Filter>Game\MyFolder</Filter>
    </ClInclude>
    <ClInclude Include="TextUI.h">
      <Filter>Game\MyFolder</Filter>
    </ClInclude>
    <ClInclude Include="PointsUI.h">
      <Filter>Game\MyFolder</Filter>
    </ClInclude>
    <ClInclude Include="LivesUI.h">
      <Filter>Game\MyFolder</Filter>
    </ClInclude>
    <ClInclude Include="Enemy.h">
      <Filter>Game\MyFolder</Filter>
    </ClInclude>
    <ClInclude Include="GameManager.h">
      <Filter>Game\MyFolder</Filter>
    </ClInclude>
    <ClInclude Include="EnemyPathFinder.h">
      <Filter>Game\MyFolder</Filter>
    </ClInclude>
    <ClInclude Include="Pellet.h">
      <Filter>Game\MyFolder</Filter>
    </ClInclude>
    <ClInclude Include="Audio.h" />
  </ItemGroup>
</Project>